<Solution>
  <Configurations>
    <Platform Name="x64" />
    <Platform Name="x86" />
  </Configurations>
  <Project Path="Lec04/Lec04.vcxproj" />
  <Project Path="Lec04_Rectangle/Lec04_Rectangle.vcxproj" />
  <Project Path="MusicStreamingService/MusicStreamingService.vcxproj" />
  <Project Path="PetNPuppy/PetNPuppy.vcxproj" />
  <Project Path="SmartHome/SmartHome.vcxproj" />
</Solution>
